
Microsoft Visual Studio Solution File, Format Version 12.00
# Visual Studio Version 16
VisualStudioVersion = 16.0.30711.63
MinimumVisualStudioVersion = 15.0.26124.0
Project("{2150E333-8FDC-42A3-9474-1A3956D46DE8}") = "src", "src", "{7D6C1558-1278-4359-ACF9-706FF16EBDA7}"
EndProject
Project("{9A19103F-16F7-4668-BE54-9A1E7A4F7556}") = "QuinntyneBrown.Api", "src\QuinntyneBrown.Api\QuinntyneBrown.Api.csproj", "{22464424-4010-49BE-BAFA-1000EE8FDCDC}"
EndProject
Project("{2150E333-8FDC-42A3-9474-1A3956D46DE8}") = "Solution Items", "Solution Items", "{6121FEAA-0291-4ECF-8B35-FEA9753F48BE}"
	ProjectSection(SolutionItems) = preProject
		clisettings.json = clisettings.json
	EndProjectSection
EndProject
Project("{2150E333-8FDC-42A3-9474-1A3956D46DE8}") = "test", "test", "{2A82EFA0-213D-4450-A051-2509BC85F150}"
EndProject
Project("{9A19103F-16F7-4668-BE54-9A1E7A4F7556}") = "QuinntyneBrown.UnitTests", "test\QuinntyneBrown.UnitTests\QuinntyneBrown.UnitTests.csproj", "{D7C11B7C-9132-4F50-9C41-E5EB3CBA0734}"
EndProject
Project("{9A19103F-16F7-4668-BE54-9A1E7A4F7556}") = "QuinntyneBrown.IntegrationTests", "test\QuinntyneBrown.IntegrationTests\QuinntyneBrown.IntegrationTests.csproj", "{E7687B19-B7AD-4B4F-9283-7491D8465F39}"
EndProject
Project("{9A19103F-16F7-4668-BE54-9A1E7A4F7556}") = "QuinntyneBrown.Testing", "test\QuinntyneBrown.Testing\QuinntyneBrown.Testing.csproj", "{87C82ECB-A07D-4EDF-805F-B8079A9CD985}"
EndProject
Project("{9A19103F-16F7-4668-BE54-9A1E7A4F7556}") = "QuinntyneBrown.Core", "src\QuinntyneBrown.Core\QuinntyneBrown.Core.csproj", "{01840B21-F944-4ABE-96B6-E11943F01D2B}"
EndProject
Global
	GlobalSection(SolutionConfigurationPlatforms) = preSolution
		Debug|Any CPU = Debug|Any CPU
		Debug|x64 = Debug|x64
		Debug|x86 = Debug|x86
		Release|Any CPU = Release|Any CPU
		Release|x64 = Release|x64
		Release|x86 = Release|x86
	EndGlobalSection
	GlobalSection(ProjectConfigurationPlatforms) = postSolution
		{22464424-4010-49BE-BAFA-1000EE8FDCDC}.Debug|Any CPU.ActiveCfg = Debug|Any CPU
		{22464424-4010-49BE-BAFA-1000EE8FDCDC}.Debug|Any CPU.Build.0 = Debug|Any CPU
		{22464424-4010-49BE-BAFA-1000EE8FDCDC}.Debug|x64.ActiveCfg = Debug|Any CPU
		{22464424-4010-49BE-BAFA-1000EE8FDCDC}.Debug|x64.Build.0 = Debug|Any CPU
		{22464424-4010-49BE-BAFA-1000EE8FDCDC}.Debug|x86.ActiveCfg = Debug|Any CPU
		{22464424-4010-49BE-BAFA-1000EE8FDCDC}.Debug|x86.Build.0 = Debug|Any CPU
		{22464424-4010-49BE-BAFA-1000EE8FDCDC}.Release|Any CPU.ActiveCfg = Release|Any CPU
		{22464424-4010-49BE-BAFA-1000EE8FDCDC}.Release|Any CPU.Build.0 = Release|Any CPU
		{22464424-4010-49BE-BAFA-1000EE8FDCDC}.Release|x64.ActiveCfg = Release|Any CPU
		{22464424-4010-49BE-BAFA-1000EE8FDCDC}.Release|x64.Build.0 = Release|Any CPU
		{22464424-4010-49BE-BAFA-1000EE8FDCDC}.Release|x86.ActiveCfg = Release|Any CPU
		{22464424-4010-49BE-BAFA-1000EE8FDCDC}.Release|x86.Build.0 = Release|Any CPU
		{D7C11B7C-9132-4F50-9C41-E5EB3CBA0734}.Debug|Any CPU.ActiveCfg = Debug|Any CPU
		{D7C11B7C-9132-4F50-9C41-E5EB3CBA0734}.Debug|Any CPU.Build.0 = Debug|Any CPU
		{D7C11B7C-9132-4F50-9C41-E5EB3CBA0734}.Debug|x64.ActiveCfg = Debug|Any CPU
		{D7C11B7C-9132-4F50-9C41-E5EB3CBA0734}.Debug|x64.Build.0 = Debug|Any CPU
		{D7C11B7C-9132-4F50-9C41-E5EB3CBA0734}.Debug|x86.ActiveCfg = Debug|Any CPU
		{D7C11B7C-9132-4F50-9C41-E5EB3CBA0734}.Debug|x86.Build.0 = Debug|Any CPU
		{D7C11B7C-9132-4F50-9C41-E5EB3CBA0734}.Release|Any CPU.ActiveCfg = Release|Any CPU
		{D7C11B7C-9132-4F50-9C41-E5EB3CBA0734}.Release|Any CPU.Build.0 = Release|Any CPU
		{D7C11B7C-9132-4F50-9C41-E5EB3CBA0734}.Release|x64.ActiveCfg = Release|Any CPU
		{D7C11B7C-9132-4F50-9C41-E5EB3CBA0734}.Release|x64.Build.0 = Release|Any CPU
		{D7C11B7C-9132-4F50-9C41-E5EB3CBA0734}.Release|x86.ActiveCfg = Release|Any CPU
		{D7C11B7C-9132-4F50-9C41-E5EB3CBA0734}.Release|x86.Build.0 = Release|Any CPU
		{E7687B19-B7AD-4B4F-9283-7491D8465F39}.Debug|Any CPU.ActiveCfg = Debug|Any CPU
		{E7687B19-B7AD-4B4F-9283-7491D8465F39}.Debug|Any CPU.Build.0 = Debug|Any CPU
		{E7687B19-B7AD-4B4F-9283-7491D8465F39}.Debug|x64.ActiveCfg = Debug|Any CPU
		{E7687B19-B7AD-4B4F-9283-7491D8465F39}.Debug|x64.Build.0 = Debug|Any CPU
		{E7687B19-B7AD-4B4F-9283-7491D8465F39}.Debug|x86.ActiveCfg = Debug|Any CPU
		{E7687B19-B7AD-4B4F-9283-7491D8465F39}.Debug|x86.Build.0 = Debug|Any CPU
		{E7687B19-B7AD-4B4F-9283-7491D8465F39}.Release|Any CPU.ActiveCfg = Release|Any CPU
		{E7687B19-B7AD-4B4F-9283-7491D8465F39}.Release|Any CPU.Build.0 = Release|Any CPU
		{E7687B19-B7AD-4B4F-9283-7491D8465F39}.Release|x64.ActiveCfg = Release|Any CPU
		{E7687B19-B7AD-4B4F-9283-7491D8465F39}.Release|x64.Build.0 = Release|Any CPU
		{E7687B19-B7AD-4B4F-9283-7491D8465F39}.Release|x86.ActiveCfg = Release|Any CPU
		{E7687B19-B7AD-4B4F-9283-7491D8465F39}.Release|x86.Build.0 = Release|Any CPU
		{87C82ECB-A07D-4EDF-805F-B8079A9CD985}.Debug|Any CPU.ActiveCfg = Debug|Any CPU
		{87C82ECB-A07D-4EDF-805F-B8079A9CD985}.Debug|Any CPU.Build.0 = Debug|Any CPU
		{87C82ECB-A07D-4EDF-805F-B8079A9CD985}.Debug|x64.ActiveCfg = Debug|Any CPU
		{87C82ECB-A07D-4EDF-805F-B8079A9CD985}.Debug|x64.Build.0 = Debug|Any CPU
		{87C82ECB-A07D-4EDF-805F-B8079A9CD985}.Debug|x86.ActiveCfg = Debug|Any CPU
		{87C82ECB-A07D-4EDF-805F-B8079A9CD985}.Debug|x86.Build.0 = Debug|Any CPU
		{87C82ECB-A07D-4EDF-805F-B8079A9CD985}.Release|Any CPU.ActiveCfg = Release|Any CPU
		{87C82ECB-A07D-4EDF-805F-B8079A9CD985}.Release|Any CPU.Build.0 = Release|Any CPU
		{87C82ECB-A07D-4EDF-805F-B8079A9CD985}.Release|x64.ActiveCfg = Release|Any CPU
		{87C82ECB-A07D-4EDF-805F-B8079A9CD985}.Release|x64.Build.0 = Release|Any CPU
		{87C82ECB-A07D-4EDF-805F-B8079A9CD985}.Release|x86.ActiveCfg = Release|Any CPU
		{87C82ECB-A07D-4EDF-805F-B8079A9CD985}.Release|x86.Build.0 = Release|Any CPU
		{01840B21-F944-4ABE-96B6-E11943F01D2B}.Debug|Any CPU.ActiveCfg = Debug|Any CPU
		{01840B21-F944-4ABE-96B6-E11943F01D2B}.Debug|Any CPU.Build.0 = Debug|Any CPU
		{01840B21-F944-4ABE-96B6-E11943F01D2B}.Debug|x64.ActiveCfg = Debug|Any CPU
		{01840B21-F944-4ABE-96B6-E11943F01D2B}.Debug|x64.Build.0 = Debug|Any CPU
		{01840B21-F944-4ABE-96B6-E11943F01D2B}.Debug|x86.ActiveCfg = Debug|Any CPU
		{01840B21-F944-4ABE-96B6-E11943F01D2B}.Debug|x86.Build.0 = Debug|Any CPU
		{01840B21-F944-4ABE-96B6-E11943F01D2B}.Release|Any CPU.ActiveCfg = Release|Any CPU
		{01840B21-F944-4ABE-96B6-E11943F01D2B}.Release|Any CPU.Build.0 = Release|Any CPU
		{01840B21-F944-4ABE-96B6-E11943F01D2B}.Release|x64.ActiveCfg = Release|Any CPU
		{01840B21-F944-4ABE-96B6-E11943F01D2B}.Release|x64.Build.0 = Release|Any CPU
		{01840B21-F944-4ABE-96B6-E11943F01D2B}.Release|x86.ActiveCfg = Release|Any CPU
		{01840B21-F944-4ABE-96B6-E11943F01D2B}.Release|x86.Build.0 = Release|Any CPU
	EndGlobalSection
	GlobalSection(SolutionProperties) = preSolution
		HideSolutionNode = FALSE
	EndGlobalSection
	GlobalSection(NestedProjects) = preSolution
		{22464424-4010-49BE-BAFA-1000EE8FDCDC} = {7D6C1558-1278-4359-ACF9-706FF16EBDA7}
		{D7C11B7C-9132-4F50-9C41-E5EB3CBA0734} = {2A82EFA0-213D-4450-A051-2509BC85F150}
		{E7687B19-B7AD-4B4F-9283-7491D8465F39} = {2A82EFA0-213D-4450-A051-2509BC85F150}
		{87C82ECB-A07D-4EDF-805F-B8079A9CD985} = {2A82EFA0-213D-4450-A051-2509BC85F150}
		{01840B21-F944-4ABE-96B6-E11943F01D2B} = {7D6C1558-1278-4359-ACF9-706FF16EBDA7}
	EndGlobalSection
	GlobalSection(ExtensibilityGlobals) = postSolution
		SolutionGuid = {875C5D53-21A3-4C2B-80B8-39EAF843E2FE}
	EndGlobalSection
EndGlobal
